// !$*UTF8*$!
{
	archiveVersion = 1;
	classes = {
	};
	objectVersion = 77;
	objects = {

/* Begin PBXContainerItemProxy section */
		F20B9E6D2D2AAC4300097DAA /* PBXContainerItemProxy */ = {
			isa = PBXContainerItemProxy;
			containerPortal = F20B9E542D2AAC4100097DAA /* Project object */;
			proxyType = 1;
			remoteGlobalIDString = F20B9E5B2D2AAC4100097DAA;
			remoteInfo = AutoShow;
		};
		F20B9E772D2AAC4300097DAA /* PBXContainerItemProxy */ = {
			isa = PBXContainerItemProxy;
			containerPortal = F20B9E542D2AAC4100097DAA /* Project object */;
			proxyType = 1;
			remoteGlobalIDString = F20B9E5B2D2AAC4100097DAA;
			remoteInfo = AutoShow;
		};
/* End PBXContainerItemProxy section */

/* Begin PBXFileReference section */
		F20B9E5C2D2AAC4200097DAA /* AutoShow.app */ = {isa = PBXFileReference; explicitFileType = wrapper.application; includeInIndex = 0; path = AutoShow.app; sourceTree = BUILT_PRODUCTS_DIR; };
		F20B9E6C2D2AAC4300097DAA /* AutoShowTests.xctest */ = {isa = PBXFileReference; explicitFileType = wrapper.cfbundle; includeInIndex = 0; path = AutoShowTests.xctest; sourceTree = BUILT_PRODUCTS_DIR; };
		F20B9E762D2AAC4300097DAA /* AutoShowUITests.xctest */ = {isa = PBXFileReference; explicitFileType = wrapper.cfbundle; includeInIndex = 0; path = AutoShowUITests.xctest; sourceTree = BUILT_PRODUCTS_DIR; };
/* End PBXFileReference section */

/* Begin PBXFileSystemSynchronizedRootGroup section */
		F20B9E5E2D2AAC4200097DAA /* AutoShow */ = {
			isa = PBXFileSystemSynchronizedRootGroup;
			path = AutoShow;
			sourceTree = "<group>";
		};
		F20B9E6F2D2AAC4300097DAA /* AutoShowTests */ = {
			isa = PBXFileSystemSynchronizedRootGroup;
			path = AutoShowTests;
			sourceTree = "<group>";
		};
		F20B9E792D2AAC4300097DAA /* AutoShowUITests */ = {
			isa = PBXFileSystemSynchronizedRootGroup;
			path = AutoShowUITests;
			sourceTree = "<group>";
		};
/* End PBXFileSystemSynchronizedRootGroup section */

/* Begin PBXFrameworksBuildPhase section */
		F20B9E592D2AAC4100097DAA /* Frameworks */ = {
			isa = PBXFrameworksBuildPhase;
			buildActionMask = 2147483647;
			files = (
			);
			runOnlyForDeploymentPostprocessing = 0;
		};
		F20B9E692D2AAC4300097DAA /* Frameworks */ = {
			isa = PBXFrameworksBuildPhase;
			buildActionMask = 2147483647;
			files = (
			);
			runOnlyForDeploymentPostprocessing = 0;
		};
		F20B9E732D2AAC4300097DAA /* Frameworks */ = {
			isa = PBXFrameworksBuildPhase;
			buildActionMask = 2147483647;
			files = (
			);
			runOnlyForDeploymentPostprocessing = 0;
		};
/* End PBXFrameworksBuildPhase section */

/* Begin PBXGroup section */
		F20B9E532D2AAC4100097DAA = {
			isa = PBXGroup;
			children = (
				F20B9E5E2D2AAC4200097DAA /* AutoShow */,
				F20B9E6F2D2AAC4300097DAA /* AutoShowTests */,
				F20B9E792D2AAC4300097DAA /* AutoShowUITests */,
				F20B9E5D2D2AAC4200097DAA /* Products */,
			);
			sourceTree = "<group>";
		};
		F20B9E5D2D2AAC4200097DAA /* Products */ = {
			isa = PBXGroup;
			children = (
				F20B9E5C2D2AAC4200097DAA /* AutoShow.app */,
				F20B9E6C2D2AAC4300097DAA /* AutoShowTests.xctest */,
				F20B9E762D2AAC4300097DAA /* AutoShowUITests.xctest */,
			);
			name = Products;
			sourceTree = "<group>";
		};
/* End PBXGroup section */

/* Begin PBXNativeTarget section */
		F20B9E5B2D2AAC4100097DAA /* AutoShow */ = {
			isa = PBXNativeTarget;
			buildConfigurationList = F20B9E802D2AAC4300097DAA /* Build configuration list for PBXNativeTarget "AutoShow" */;
			buildPhases = (
				F20B9E582D2AAC4100097DAA /* Sources */,
				F20B9E592D2AAC4100097DAA /* Frameworks */,
				F20B9E5A2D2AAC4100097DAA /* Resources */,
			);
			buildRules = (
			);
			dependencies = (
			);
			fileSystemSynchronizedGroups = (
				F20B9E5E2D2AAC4200097DAA /* AutoShow */,
			);
			name = AutoShow;
			packageProductDependencies = (
			);
			productName = AutoShow;
			productReference = F20B9E5C2D2AAC4200097DAA /* AutoShow.app */;
			productType = "com.apple.product-type.application";
		};
		F20B9E6B2D2AAC4300097DAA /* AutoShowTests */ = {
			isa = PBXNativeTarget;
			buildConfigurationList = F20B9E832D2AAC4300097DAA /* Build configuration list for PBXNativeTarget "AutoShowTests" */;
			buildPhases = (
				F20B9E682D2AAC4300097DAA /* Sources */,
				F20B9E692D2AAC4300097DAA /* Frameworks */,
				F20B9E6A2D2AAC4300097DAA /* Resources */,
			);
			buildRules = (
			);
			dependencies = (
				F20B9E6E2D2AAC4300097DAA /* PBXTargetDependency */,
			);
			fileSystemSynchronizedGroups = (
				F20B9E6F2D2AAC4300097DAA /* AutoShowTests */,
			);
			name = AutoShowTests;
			packageProductDependencies = (
			);
			productName = AutoShowTests;
			productReference = F20B9E6C2D2AAC4300097DAA /* AutoShowTests.xctest */;
			productType = "com.apple.product-type.bundle.unit-test";
		};
		F20B9E752D2AAC4300097DAA /* AutoShowUITests */ = {
			isa = PBXNativeTarget;
			buildConfigurationList = F20B9E862D2AAC4300097DAA /* Build configuration list for PBXNativeTarget "AutoShowUITests" */;
			buildPhases = (
				F20B9E722D2AAC4300097DAA /* Sources */,
				F20B9E732D2AAC4300097DAA /* Frameworks */,
				F20B9E742D2AAC4300097DAA /* Resources */,
			);
			buildRules = (
			);
			dependencies = (
				F20B9E782D2AAC4300097DAA /* PBXTargetDependency */,
			);
			fileSystemSynchronizedGroups = (
				F20B9E792D2AAC4300097DAA /* AutoShowUITests */,
			);
			name = AutoShowUITests;
			packageProductDependencies = (
			);
			productName = AutoShowUITests;
			productReference = F20B9E762D2AAC4300097DAA /* AutoShowUITests.xctest */;
			productType = "com.apple.product-type.bundle.ui-testing";
		};
/* End PBXNativeTarget section */

/* Begin PBXProject section */
		F20B9E542D2AAC4100097DAA /* Project object */ = {
			isa = PBXProject;
			attributes = {
				BuildIndependentTargetsInParallel = 1;
				LastSwiftUpdateCheck = 1620;
				LastUpgradeCheck = 1620;
				TargetAttributes = {
					F20B9E5B2D2AAC4100097DAA = {
						CreatedOnToolsVersion = 16.2;
					};
					F20B9E6B2D2AAC4300097DAA = {
						CreatedOnToolsVersion = 16.2;
						TestTargetID = F20B9E5B2D2AAC4100097DAA;
					};
					F20B9E752D2AAC4300097DAA = {
						CreatedOnToolsVersion = 16.2;
						TestTargetID = F20B9E5B2D2AAC4100097DAA;
					};
				};
			};
			buildConfigurationList = F20B9E572D2AAC4100097DAA /* Build configuration list for PBXProject "AutoShow" */;
			developmentRegion = en;
			hasScannedForEncodings = 0;
			knownRegions = (
				en,
				Base,
			);
			mainGroup = F20B9E532D2AAC4100097DAA;
			minimizedProjectReferenceProxies = 1;
			preferredProjectObjectVersion = 77;
			productRefGroup = F20B9E5D2D2AAC4200097DAA /* Products */;
			projectDirPath = "";
			projectRoot = "";
			targets = (
				F20B9E5B2D2AAC4100097DAA /* AutoShow */,
				F20B9E6B2D2AAC4300097DAA /* AutoShowTests */,
				F20B9E752D2AAC4300097DAA /* AutoShowUITests */,
			);
		};
/* End PBXProject section */

/* Begin PBXResourcesBuildPhase section */
		F20B9E5A2D2AAC4100097DAA /* Resources */ = {
			isa = PBXResourcesBuildPhase;
			buildActionMask = 2147483647;
			files = (
			);
			runOnlyForDeploymentPostprocessing = 0;
		};
		F20B9E6A2D2AAC4300097DAA /* Resources */ = {
			isa = PBXResourcesBuildPhase;
			buildActionMask = 2147483647;
			files = (
			);
			runOnlyForDeploymentPostprocessing = 0;
		};
		F20B9E742D2AAC4300097DAA /* Resources */ = {
			isa = PBXResourcesBuildPhase;
			buildActionMask = 2147483647;
			files = (
			);
			runOnlyForDeploymentPostprocessing = 0;
		};
/* End PBXResourcesBuildPhase section */

/* Begin PBXSourcesBuildPhase section */
		F20B9E582D2AAC4100097DAA /* Sources */ = {
			isa = PBXSourcesBuildPhase;
			buildActionMask = 2147483647;
			files = (
			);
			runOnlyForDeploymentPostprocessing = 0;
		};
		F20B9E682D2AAC4300097DAA /* Sources */ = {
			isa = PBXSourcesBuildPhase;
			buildActionMask = 2147483647;
			files = (
			);
			runOnlyForDeploymentPostprocessing = 0;
		};
		F20B9E722D2AAC4300097DAA /* Sources */ = {
			isa = PBXSourcesBuildPhase;
			buildActionMask = 2147483647;
			files = (
			);
			runOnlyForDeploymentPostprocessing = 0;
		};
/* End PBXSourcesBuildPhase section */

/* Begin PBXTargetDependency section */
		F20B9E6E2D2AAC4300097DAA /* PBXTargetDependency */ = {
			isa = PBXTargetDependency;
			target = F20B9E5B2D2AAC4100097DAA /* AutoShow */;
			targetProxy = F20B9E6D2D2AAC4300097DAA /* PBXContainerItemProxy */;
		};
		F20B9E782D2AAC4300097DAA /* PBXTargetDependency */ = {
			isa = PBXTargetDependency;
			target = F20B9E5B2D2AAC4100097DAA /* AutoShow */;
			targetProxy = F20B9E772D2AAC4300097DAA /* PBXContainerItemProxy */;
		};
/* End PBXTargetDependency section */

/* Begin XCBuildConfiguration section */
		F20B9E7E2D2AAC4300097DAA /* Debug */ = {
			isa = XCBuildConfiguration;
			buildSettings = {
				ALWAYS_SEARCH_USER_PATHS = NO;
				ASSETCATALOG_COMPILER_GENERATE_SWIFT_ASSET_SYMBOL_EXTENSIONS = YES;
				CLANG_ANALYZER_NONNULL = YES;
				CLANG_ANALYZER_NUMBER_OBJECT_CONVERSION = YES_AGGRESSIVE;
				CLANG_CXX_LANGUAGE_STANDARD = "gnu++20";
				CLANG_ENABLE_MODULES = YES;
				CLANG_ENABLE_OBJC_ARC = YES;
				CLANG_ENABLE_OBJC_WEAK = YES;
				CLANG_WARN_BLOCK_CAPTURE_AUTORELEASING = YES;
				CLANG_WARN_BOOL_CONVERSION = YES;
				CLANG_WARN_COMMA = YES;
				CLANG_WARN_CONSTANT_CONVERSION = YES;
				CLANG_WARN_DEPRECATED_OBJC_IMPLEMENTATIONS = YES;
				CLANG_WARN_DIRECT_OBJC_ISA_USAGE = YES_ERROR;
				CLANG_WARN_DOCUMENTATION_COMMENTS = YES;
				CLANG_WARN_EMPTY_BODY = YES;
				CLANG_WARN_ENUM_CONVERSION = YES;
				CLANG_WARN_INFINITE_RECURSION = YES;
				CLANG_WARN_INT_CONVERSION = YES;
				CLANG_WARN_NON_LITERAL_NULL_CONVERSION = YES;
				CLANG_WARN_OBJC_IMPLICIT_RETAIN_SELF = YES;
				CLANG_WARN_OBJC_LITERAL_CONVERSION = YES;
				CLANG_WARN_OBJC_ROOT_CLASS = YES_ERROR;
				CLANG_WARN_QUOTED_INCLUDE_IN_FRAMEWORK_HEADER = YES;
				CLANG_WARN_RANGE_LOOP_ANALYSIS = YES;
				CLANG_WARN_STRICT_PROTOTYPES = YES;
				CLANG_WARN_SUSPICIOUS_MOVE = YES;
				CLANG_WARN_UNGUARDED_AVAILABILITY = YES_AGGRESSIVE;
				CLANG_WARN_UNREACHABLE_CODE = YES;
				CLANG_WARN__DUPLICATE_METHOD_MATCH = YES;
				COPY_PHASE_STRIP = NO;
				DEBUG_INFORMATION_FORMAT = dwarf;
				ENABLE_STRICT_OBJC_MSGSEND = YES;
				ENABLE_TESTABILITY = YES;
				ENABLE_USER_SCRIPT_SANDBOXING = YES;
				GCC_C_LANGUAGE_STANDARD = gnu17;
				GCC_DYNAMIC_NO_PIC = NO;
				GCC_NO_COMMON_BLOCKS = YES;
				GCC_OPTIMIZATION_LEVEL = 0;
				GCC_PREPROCESSOR_DEFINITIONS = (
					"DEBUG=1",
					"$(inherited)",
				);
				GCC_WARN_64_TO_32_BIT_CONVERSION = YES;
				GCC_WARN_ABOUT_RETURN_TYPE = YES_ERROR;
				GCC_WARN_UNDECLARED_SELECTOR = YES;
				GCC_WARN_UNINITIALIZED_AUTOS = YES_AGGRESSIVE;
				GCC_WARN_UNUSED_FUNCTION = YES;
				GCC_WARN_UNUSED_VARIABLE = YES;
				IPHONEOS_DEPLOYMENT_TARGET = 18.2;
				LOCALIZATION_PREFERS_STRING_CATALOGS = YES;
				MTL_ENABLE_DEBUG_INFO = INCLUDE_SOURCE;
				MTL_FAST_MATH = YES;
				ONLY_ACTIVE_ARCH = YES;
				SDKROOT = iphoneos;
				SWIFT_ACTIVE_COMPILATION_CONDITIONS = "DEBUG $(inherited)";
				SWIFT_OPTIMIZATION_LEVEL = "-Onone";
			};
			name = Debug;
		};
		F20B9E7F2D2AAC4300097DAA /* Release */ = {
			isa = XCBuildConfiguration;
			buildSettings = {
				ALWAYS_SEARCH_USER_PATHS = NO;
				ASSETCATALOG_COMPILER_GENERATE_SWIFT_ASSET_SYMBOL_EXTENSIONS = YES;
				CLANG_ANALYZER_NONNULL = YES;
				CLANG_ANALYZER_NUMBER_OBJECT_CONVERSION = YES_AGGRESSIVE;
				CLANG_CXX_LANGUAGE_STANDARD = "gnu++20";
				CLANG_ENABLE_MODULES = YES;
				CLANG_ENABLE_OBJC_ARC = YES;
				CLANG_ENABLE_OBJC_WEAK = YES;
				CLANG_WARN_BLOCK_CAPTURE_AUTORELEASING = YES;
				CLANG_WARN_BOOL_CONVERSION = YES;
				CLANG_WARN_COMMA = YES;
				CLANG_WARN_CONSTANT_CONVERSION = YES;
				CLANG_WARN_DEPRECATED_OBJC_IMPLEMENTATIONS = YES;
				CLANG_WARN_DIRECT_OBJC_ISA_USAGE = YES_ERROR;
				CLANG_WARN_DOCUMENTATION_COMMENTS = YES;
				CLANG_WARN_EMPTY_BODY = YES;
				CLANG_WARN_ENUM_CONVERSION = YES;
				CLANG_WARN_INFINITE_RECURSION = YES;
				CLANG_WARN_INT_CONVERSION = YES;
				CLANG_WARN_NON_LITERAL_NULL_CONVERSION = YES;
				CLANG_WARN_OBJC_IMPLICIT_RETAIN_SELF = YES;
				CLANG_WARN_OBJC_LITERAL_CONVERSION = YES;
				CLANG_WARN_OBJC_ROOT_CLASS = YES_ERROR;
				CLANG_WARN_QUOTED_INCLUDE_IN_FRAMEWORK_HEADER = YES;
				CLANG_WARN_RANGE_LOOP_ANALYSIS = YES;
				CLANG_WARN_STRICT_PROTOTYPES = YES;
				CLANG_WARN_SUSPICIOUS_MOVE = YES;
				CLANG_WARN_UNGUARDED_AVAILABILITY = YES_AGGRESSIVE;
				CLANG_WARN_UNREACHABLE_CODE = YES;
				CLANG_WARN__DUPLICATE_METHOD_MATCH = YES;
				COPY_PHASE_STRIP = NO;
				DEBUG_INFORMATION_FORMAT = "dwarf-with-dsym";
				ENABLE_NS_ASSERTIONS = NO;
				ENABLE_STRICT_OBJC_MSGSEND = YES;
				ENABLE_USER_SCRIPT_SANDBOXING = YES;
				GCC_C_LANGUAGE_STANDARD = gnu17;
				GCC_NO_COMMON_BLOCKS = YES;
				GCC_WARN_64_TO_32_BIT_CONVERSION = YES;
				GCC_WARN_ABOUT_RETURN_TYPE = YES_ERROR;
				GCC_WARN_UNDECLARED_SELECTOR = YES;
				GCC_WARN_UNINITIALIZED_AUTOS = YES_AGGRESSIVE;
				GCC_WARN_UNUSED_FUNCTION = YES;
				GCC_WARN_UNUSED_VARIABLE = YES;
				IPHONEOS_DEPLOYMENT_TARGET = 18.2;
				LOCALIZATION_PREFERS_STRING_CATALOGS = YES;
				MTL_ENABLE_DEBUG_INFO = NO;
				MTL_FAST_MATH = YES;
				SDKROOT = iphoneos;
				SWIFT_COMPILATION_MODE = wholemodule;
				VALIDATE_PRODUCT = YES;
			};
			name = Release;
		};
		F20B9E812D2AAC4300097DAA /* Debug */ = {
			isa = XCBuildConfiguration;
			buildSettings = {
				ASSETCATALOG_COMPILER_APPICON_NAME = AppIcon;
				ASSETCATALOG_COMPILER_GLOBAL_ACCENT_COLOR_NAME = AccentColor;
				CODE_SIGN_STYLE = Automatic;
				CURRENT_PROJECT_VERSION = 1;
				DEVELOPMENT_ASSET_PATHS = "\"AutoShow/Preview Content\"";
				DEVELOPMENT_TEAM = QGF8N8SVP8;
				ENABLE_PREVIEWS = YES;
				GENERATE_INFOPLIST_FILE = YES;
				INFOPLIST_KEY_UIApplicationSceneManifest_Generation = YES;
				INFOPLIST_KEY_UIApplicationSupportsIndirectInputEvents = YES;
				INFOPLIST_KEY_UILaunchScreen_Generation = YES;
				INFOPLIST_KEY_UISupportedInterfaceOrientations_iPad = "UIInterfaceOrientationPortrait UIInterfaceOrientationPortraitUpsideDown UIInterfaceOrientationLandscapeLeft UIInterfaceOrientationLandscapeRight";
				INFOPLIST_KEY_UISupportedInterfaceOrientations_iPhone = "UIInterfaceOrientationPortrait UIInterfaceOrientationLandscapeLeft UIInterfaceOrientationLandscapeRight";
				LD_RUNPATH_SEARCH_PATHS = (
					"$(inherited)",
					"@executable_path/Frameworks",
				);
				MARKETING_VERSION = 1.0;
				PRODUCT_BUNDLE_IDENTIFIER = tesinitsyn.AutoShow;
				PRODUCT_NAME = "$(TARGET_NAME)";
				SWIFT_EMIT_LOC_STRINGS = YES;
				SWIFT_VERSION = 5.0;
				TARGETED_DEVICE_FAMILY = "1,2";
			};
			name = Debug;
		};
		F20B9E822D2AAC4300097DAA /* Release */ = {
			isa = XCBuildConfiguration;
			buildSettings = {
				ASSETCATALOG_COMPILER_APPICON_NAME = AppIcon;
				ASSETCATALOG_COMPILER_GLOBAL_ACCENT_COLOR_NAME = AccentColor;
				CODE_SIGN_STYLE = Automatic;
				CURRENT_PROJECT_VERSION = 1;
				DEVELOPMENT_ASSET_PATHS = "\"AutoShow/Preview Content\"";
				DEVELOPMENT_TEAM = QGF8N8SVP8;
				ENABLE_PREVIEWS = YES;
				GENERATE_INFOPLIST_FILE = YES;
				INFOPLIST_KEY_UIApplicationSceneManifest_Generation = YES;
				INFOPLIST_KEY_UIApplicationSupportsIndirectInputEvents = YES;
				INFOPLIST_KEY_UILaunchScreen_Generation = YES;
				INFOPLIST_KEY_UISupportedInterfaceOrientations_iPad = "UIInterfaceOrientationPortrait UIInterfaceOrientationPortraitUpsideDown UIInterfaceOrientationLandscapeLeft UIInterfaceOrientationLandscapeRight";
				INFOPLIST_KEY_UISupportedInterfaceOrientations_iPhone = "UIInterfaceOrientationPortrait UIInterfaceOrientationLandscapeLeft UIInterfaceOrientationLandscapeRight";
				LD_RUNPATH_SEARCH_PATHS = (
					"$(inherited)",
					"@executable_path/Frameworks",
				);
				MARKETING_VERSION = 1.0;
				PRODUCT_BUNDLE_IDENTIFIER = tesinitsyn.AutoShow;
				PRODUCT_NAME = "$(TARGET_NAME)";
				SWIFT_EMIT_LOC_STRINGS = YES;
				SWIFT_VERSION = 5.0;
				TARGETED_DEVICE_FAMILY = "1,2";
			};
			name = Release;
		};
		F20B9E842D2AAC4300097DAA /* Debug */ = {
			isa = XCBuildConfiguration;
			buildSettings = {
				BUNDLE_LOADER = "$(TEST_HOST)";
				CODE_SIGN_STYLE = Automatic;
				CURRENT_PROJECT_VERSION = 1;
				DEVELOPMENT_TEAM = QGF8N8SVP8;
				GENERATE_INFOPLIST_FILE = YES;
				IPHONEOS_DEPLOYMENT_TARGET = 18.2;
				MARKETING_VERSION = 1.0;
				PRODUCT_BUNDLE_IDENTIFIER = tesinitsyn.AutoShowTests;
				PRODUCT_NAME = "$(TARGET_NAME)";
				SWIFT_EMIT_LOC_STRINGS = NO;
				SWIFT_VERSION = 5.0;
				TARGETED_DEVICE_FAMILY = "1,2";
				TEST_HOST = "$(BUILT_PRODUCTS_DIR)/AutoShow.app/$(BUNDLE_EXECUTABLE_FOLDER_PATH)/AutoShow";
			};
			name = Debug;
		};
		F20B9E852D2AAC4300097DAA /* Release */ = {
			isa = XCBuildConfiguration;
			buildSettings = {
				BUNDLE_LOADER = "$(TEST_HOST)";
				CODE_SIGN_STYLE = Automatic;
				CURRENT_PROJECT_VERSION = 1;
				DEVELOPMENT_TEAM = QGF8N8SVP8;
				GENERATE_INFOPLIST_FILE = YES;
				IPHONEOS_DEPLOYMENT_TARGET = 18.2;
				MARKETING_VERSION = 1.0;
				PRODUCT_BUNDLE_IDENTIFIER = tesinitsyn.AutoShowTests;
				PRODUCT_NAME = "$(TARGET_NAME)";
				SWIFT_EMIT_LOC_STRINGS = NO;
				SWIFT_VERSION = 5.0;
				TARGETED_DEVICE_FAMILY = "1,2";
				TEST_HOST = "$(BUILT_PRODUCTS_DIR)/AutoShow.app/$(BUNDLE_EXECUTABLE_FOLDER_PATH)/AutoShow";
			};
			name = Release;
		};
		F20B9E872D2AAC4300097DAA /* Debug */ = {
			isa = XCBuildConfiguration;
			buildSettings = {
				CODE_SIGN_STYLE = Automatic;
				CURRENT_PROJECT_VERSION = 1;
				DEVELOPMENT_TEAM = QGF8N8SVP8;
				GENERATE_INFOPLIST_FILE = YES;
				MARKETING_VERSION = 1.0;
				PRODUCT_BUNDLE_IDENTIFIER = tesinitsyn.AutoShowUITests;
				PRODUCT_NAME = "$(TARGET_NAME)";
				SWIFT_EMIT_LOC_STRINGS = NO;
				SWIFT_VERSION = 5.0;
				TARGETED_DEVICE_FAMILY = "1,2";
				TEST_TARGET_NAME = AutoShow;
			};
			name = Debug;
		};
		F20B9E882D2AAC4300097DAA /* Release */ = {
			isa = XCBuildConfiguration;
			buildSettings = {
				CODE_SIGN_STYLE = Automatic;
				CURRENT_PROJECT_VERSION = 1;
				DEVELOPMENT_TEAM = QGF8N8SVP8;
				GENERATE_INFOPLIST_FILE = YES;
				MARKETING_VERSION = 1.0;
				PRODUCT_BUNDLE_IDENTIFIER = tesinitsyn.AutoShowUITests;
				PRODUCT_NAME = "$(TARGET_NAME)";
				SWIFT_EMIT_LOC_STRINGS = NO;
				SWIFT_VERSION = 5.0;
				TARGETED_DEVICE_FAMILY = "1,2";
				TEST_TARGET_NAME = AutoShow;
			};
			name = Release;
		};
/* End XCBuildConfiguration section */

/* Begin XCConfigurationList section */
		F20B9E572D2AAC4100097DAA /* Build configuration list for PBXProject "AutoShow" */ = {
			isa = XCConfigurationList;
			buildConfigurations = (
				F20B9E7E2D2AAC4300097DAA /* Debug */,
				F20B9E7F2D2AAC4300097DAA /* Release */,
			);
			defaultConfigurationIsVisible = 0;
			defaultConfigurationName = Release;
		};
		F20B9E802D2AAC4300097DAA /* Build configuration list for PBXNativeTarget "AutoShow" */ = {
			isa = XCConfigurationList;
			buildConfigurations = (
				F20B9E812D2AAC4300097DAA /* Debug */,
				F20B9E822D2AAC4300097DAA /* Release */,
			);
			defaultConfigurationIsVisible = 0;
			defaultConfigurationName = Release;
		};
		F20B9E832D2AAC4300097DAA /* Build configuration list for PBXNativeTarget "AutoShowTests" */ = {
			isa = XCConfigurationList;
			buildConfigurations = (
				F20B9E842D2AAC4300097DAA /* Debug */,
				F20B9E852D2AAC4300097DAA /* Release */,
			);
			defaultConfigurationIsVisible = 0;
			defaultConfigurationName = Release;
		};
		F20B9E862D2AAC4300097DAA /* Build configuration list for PBXNativeTarget "AutoShowUITests" */ = {
			isa = XCConfigurationList;
			buildConfigurations = (
				F20B9E872D2AAC4300097DAA /* Debug */,
				F20B9E882D2AAC4300097DAA /* Release */,
			);
			defaultConfigurationIsVisible = 0;
			defaultConfigurationName = Release;
		};
/* End XCConfigurationList section */
	};
	rootObject = F20B9E542D2AAC4100097DAA /* Project object */;
}
